{
  "name": "runes-annotated-assembly",
  "lockfileVersion": 3,
  "requires": true,
  "packages": {
    "": {
      "name": "runes-annotated-assembly",
      "dependencies": {
        "asm8080": "1.0.34"
      }
    },
    "node_modules/asm8080": {
      "version": "1.0.34",
      "resolved": "https://registry.npmjs.org/asm8080/-/asm8080-1.0.34.tgz",
      "integrity": "sha512-64N5Qj2F2OPMk739/8VxGWXiR4EnMYlN828b0sOqFiVDbEgwPqXuLg7wi2lD5lBV+ULoSCAN1dwK/+Jj9YqZjg==",
      "license": "MIT",
      "bin": {
        "asm8080": "bin/asm8.js"
      }
    }
  }
}
